{
  "name": "bth-extension",
  "version": "1.0.0",
  "lockfileVersion": 3,
  "requires": true,
  "packages": {
    "": {
      "name": "bth-extension",
      "version": "1.0.0",
      "license": "ISC",
      "dependencies": {
        "@types/chrome": "^0.0.270"
      }
    },
    "node_modules/@types/chrome": {
      "version": "0.0.270",
      "resolved": "http://nexus3.betha.com.br/repository/npm-all/@types/chrome/-/chrome-0.0.270.tgz",
      "integrity": "sha512-ADvkowV7YnJfycZZxL2brluZ6STGW+9oKG37B422UePf2PCXuFA/XdERI0T18wtuWPx0tmFeZqq6MOXVk1IC+Q==",
      "license": "MIT",
      "dependencies": {
        "@types/filesystem": "*",
        "@types/har-format": "*"
      }
    },
    "node_modules/@types/filesystem": {
      "version": "0.0.36",
      "resolved": "http://nexus3.betha.com.br/repository/npm-all/@types/filesystem/-/filesystem-0.0.36.tgz",
      "integrity": "sha512-vPDXOZuannb9FZdxgHnqSwAG/jvdGM8Wq+6N4D/d80z+D4HWH+bItqsZaVRQykAn6WEVeEkLm2oQigyHtgb0RA==",
      "license": "MIT",
      "dependencies": {
        "@types/filewriter": "*"
      }
    },
    "node_modules/@types/filewriter": {
      "version": "0.0.33",
      "resolved": "http://nexus3.betha.com.br/repository/npm-all/@types/filewriter/-/filewriter-0.0.33.tgz",
      "integrity": "sha512-xFU8ZXTw4gd358lb2jw25nxY9QAgqn2+bKKjKOYfNCzN4DKCFetK7sPtrlpg66Ywe3vWY9FNxprZawAh9wfJ3g==",
      "license": "MIT"
    },
    "node_modules/@types/har-format": {
      "version": "1.2.15",
      "resolved": "http://nexus3.betha.com.br/repository/npm-all/@types/har-format/-/har-format-1.2.15.tgz",
      "integrity": "sha512-RpQH4rXLuvTXKR0zqHq3go0RVXYv/YVqv4TnPH95VbwUxZdQlK1EtcMvQvMpDngHbt13Csh9Z4qT9AbkiQH5BA==",
      "license": "MIT"
    }
  }
}
